
Microsoft Visual Studio Solution File, Format Version 12.00
# Visual Studio Version 17
VisualStudioVersion = 17.14.36105.17
MinimumVisualStudioVersion = 10.0.40219.1
Project("{FAE04EC0-301F-11D3-BF4B-00C04F79EFBC}") = "ConfigManagerApp.API", "ConfigManagerApp.API\ConfigManagerApp.API.csproj", "{2A686202-64AF-47C0-A3EF-07C981B61D5B}"
EndProject
Project("{FAE04EC0-301F-11D3-BF4B-00C04F79EFBC}") = "ConfigManagerApp.Tests", "ConfigManagerApp.Tests\ConfigManagerApp.Tests.csproj", "{2A0642C5-423D-A86A-6024-201340D7F696}"
EndProject
Global
	GlobalSection(SolutionConfigurationPlatforms) = preSolution
		Debug|Any CPU = Debug|Any CPU
		Release|Any CPU = Release|Any CPU
	EndGlobalSection
	GlobalSection(ProjectConfigurationPlatforms) = postSolution
		{2A686202-64AF-47C0-A3EF-07C981B61D5B}.Debug|Any CPU.ActiveCfg = Debug|Any CPU
		{2A686202-64AF-47C0-A3EF-07C981B61D5B}.Debug|Any CPU.Build.0 = Debug|Any CPU
		{2A686202-64AF-47C0-A3EF-07C981B61D5B}.Release|Any CPU.ActiveCfg = Release|Any CPU
		{2A686202-64AF-47C0-A3EF-07C981B61D5B}.Release|Any CPU.Build.0 = Release|Any CPU
		{2A0642C5-423D-A86A-6024-201340D7F696}.Debug|Any CPU.ActiveCfg = Debug|Any CPU
		{2A0642C5-423D-A86A-6024-201340D7F696}.Debug|Any CPU.Build.0 = Debug|Any CPU
		{2A0642C5-423D-A86A-6024-201340D7F696}.Release|Any CPU.ActiveCfg = Release|Any CPU
		{2A0642C5-423D-A86A-6024-201340D7F696}.Release|Any CPU.Build.0 = Release|Any CPU
	EndGlobalSection
	GlobalSection(SolutionProperties) = preSolution
		HideSolutionNode = FALSE
	EndGlobalSection
	GlobalSection(ExtensibilityGlobals) = postSolution
		SolutionGuid = {57EE7B42-82A2-4EFC-85C4-79E7CADA817C}
	EndGlobalSection
EndGlobal
